
Microsoft Visual Studio Solution File, Format Version 12.00
# Visual Studio Version 16
VisualStudioVersion = 16.0.29521.150
MinimumVisualStudioVersion = 10.0.40219.1
Project("{2150E333-8FDC-42A3-9474-1A3956D46DE8}") = "test", "test", "{C3B0D6F1-5BFF-4727-9921-0E99FF493AEB}"
ProjectSection(SolutionItems) = preProject
	test\xunit.runner.json = test\xunit.runner.json
	test\Directory.Build.props = test\Directory.Build.props
EndProjectSection
EndProject
Project("{2150E333-8FDC-42A3-9474-1A3956D46DE8}") = "docs", "docs", "{4ED5DC3E-8A49-42D7-806B-C5ED507ECE24}"
	ProjectSection(SolutionItems) = preProject
		README.md = README.md
	EndProjectSection
EndProject
Project("{2150E333-8FDC-42A3-9474-1A3956D46DE8}") = "build", "build", "{A7EEC2E7-7422-485F-AF3F-9BEA6273F401}"
	ProjectSection(SolutionItems) = preProject
		Directory.Build.props = Directory.Build.props
		global.json = global.json
	EndProjectSection
EndProject
Project("{2150E333-8FDC-42A3-9474-1A3956D46DE8}") = "Solution Items", "Solution Items", "{CC5553D2-F503-4155-BD83-46BBC9ACEC26}"
	ProjectSection(SolutionItems) = preProject
		.editorconfig = .editorconfig
		.gitignore = .gitignore
	EndProjectSection
EndProject
Project("{2150E333-8FDC-42A3-9474-1A3956D46DE8}") = "src", "src", "{836FD012-2D72-405D-BE43-F531E64772E2}"
ProjectSection(SolutionItems) = preProject
	src\Directory.Build.props = src\Directory.Build.props
EndProjectSection
EndProject
Project("{2150E333-8FDC-42A3-9474-1A3956D46DE8}") = "tool", "tool", "{0DCC9A5E-F05A-438B-A511-D180EE1C320B}"
ProjectSection(SolutionItems) = preProject
	.config\dotnet-tools.json = .config\dotnet-tools.json
EndProjectSection
EndProject
Project("{9A19103F-16F7-4668-BE54-9A1E7A4F7556}") = "UnMango.Xml", "src\UnMango.Xml\UnMango.Xml.csproj", "{E7BB5C30-9DF0-4F04-8F51-DB50AF1A7E5C}"
EndProject
Project("{9A19103F-16F7-4668-BE54-9A1E7A4F7556}") = "UnMango.Xml.Test", "test\UnMango.Xml.Test\UnMango.Xml.Test.csproj", "{CDFFC17D-4573-446C-A202-B6B5BD277D21}"
EndProject
Project("{9A19103F-16F7-4668-BE54-9A1E7A4F7556}") = "UnMango.Xml.Benchmarks", "test\UnMango.Xml.Benchmarks\UnMango.Xml.Benchmarks.csproj", "{F5654C54-1EAA-4AAA-BB3B-4B019E1E510A}"
EndProject
Project("{2150E333-8FDC-42A3-9474-1A3956D46DE8}") = "github", "github", "{678A3172-416F-4A94-BA5B-8A51560AEB8F}"
ProjectSection(SolutionItems) = preProject
	.github\dependabot.yml = .github\dependabot.yml
EndProjectSection
EndProject
Project("{2150E333-8FDC-42A3-9474-1A3956D46DE8}") = "workflows", "workflows", "{D31AD8A6-6F05-4ED5-8533-2351CD6CB7D9}"
ProjectSection(SolutionItems) = preProject
	.github\workflows\nuget_publish.yml = .github\workflows\nuget_publish.yml
	.github\workflows\pull_request.yml = .github\workflows\pull_request.yml
EndProjectSection
EndProject
Project("{FAE04EC0-301F-11D3-BF4B-00C04F79EFBC}") = "UnMango.Xml.Abstractions", "src\UnMango.Xml.Abstractions\UnMango.Xml.Abstractions.csproj", "{C8A0AA4E-D44C-4103-9C94-9DB8DE3D4656}"
EndProject
Global
	GlobalSection(SolutionConfigurationPlatforms) = preSolution
		Debug|Any CPU = Debug|Any CPU
		Release|Any CPU = Release|Any CPU
	EndGlobalSection
	GlobalSection(ProjectConfigurationPlatforms) = postSolution
		{E7BB5C30-9DF0-4F04-8F51-DB50AF1A7E5C}.Debug|Any CPU.ActiveCfg = Debug|Any CPU
		{E7BB5C30-9DF0-4F04-8F51-DB50AF1A7E5C}.Debug|Any CPU.Build.0 = Debug|Any CPU
		{E7BB5C30-9DF0-4F04-8F51-DB50AF1A7E5C}.Release|Any CPU.ActiveCfg = Release|Any CPU
		{E7BB5C30-9DF0-4F04-8F51-DB50AF1A7E5C}.Release|Any CPU.Build.0 = Release|Any CPU
		{CDFFC17D-4573-446C-A202-B6B5BD277D21}.Debug|Any CPU.ActiveCfg = Debug|Any CPU
		{CDFFC17D-4573-446C-A202-B6B5BD277D21}.Debug|Any CPU.Build.0 = Debug|Any CPU
		{CDFFC17D-4573-446C-A202-B6B5BD277D21}.Release|Any CPU.ActiveCfg = Release|Any CPU
		{CDFFC17D-4573-446C-A202-B6B5BD277D21}.Release|Any CPU.Build.0 = Release|Any CPU
		{F5654C54-1EAA-4AAA-BB3B-4B019E1E510A}.Debug|Any CPU.ActiveCfg = Debug|Any CPU
		{F5654C54-1EAA-4AAA-BB3B-4B019E1E510A}.Debug|Any CPU.Build.0 = Debug|Any CPU
		{F5654C54-1EAA-4AAA-BB3B-4B019E1E510A}.Release|Any CPU.ActiveCfg = Release|Any CPU
		{F5654C54-1EAA-4AAA-BB3B-4B019E1E510A}.Release|Any CPU.Build.0 = Release|Any CPU
		{C8A0AA4E-D44C-4103-9C94-9DB8DE3D4656}.Debug|Any CPU.ActiveCfg = Debug|Any CPU
		{C8A0AA4E-D44C-4103-9C94-9DB8DE3D4656}.Debug|Any CPU.Build.0 = Debug|Any CPU
		{C8A0AA4E-D44C-4103-9C94-9DB8DE3D4656}.Release|Any CPU.ActiveCfg = Release|Any CPU
		{C8A0AA4E-D44C-4103-9C94-9DB8DE3D4656}.Release|Any CPU.Build.0 = Release|Any CPU
	EndGlobalSection
	GlobalSection(SolutionProperties) = preSolution
		HideSolutionNode = FALSE
	EndGlobalSection
	GlobalSection(NestedProjects) = preSolution
		{E7BB5C30-9DF0-4F04-8F51-DB50AF1A7E5C} = {836FD012-2D72-405D-BE43-F531E64772E2}
		{CDFFC17D-4573-446C-A202-B6B5BD277D21} = {C3B0D6F1-5BFF-4727-9921-0E99FF493AEB}
		{F5654C54-1EAA-4AAA-BB3B-4B019E1E510A} = {C3B0D6F1-5BFF-4727-9921-0E99FF493AEB}
		{D31AD8A6-6F05-4ED5-8533-2351CD6CB7D9} = {678A3172-416F-4A94-BA5B-8A51560AEB8F}
		{C8A0AA4E-D44C-4103-9C94-9DB8DE3D4656} = {836FD012-2D72-405D-BE43-F531E64772E2}
	EndGlobalSection
	GlobalSection(ExtensibilityGlobals) = postSolution
		SolutionGuid = {8312C89B-381B-4CAA-BFD1-CA67E063217E}
	EndGlobalSection
EndGlobal
