
Microsoft Visual Studio Solution File, Format Version 12.00
# Visual Studio Version 16
VisualStudioVersion = 16.0.29521.150
MinimumVisualStudioVersion = 10.0.40219.1
Project("{2150E333-8FDC-42A3-9474-1A3956D46DE8}") = "test", "test", "{C3B0D6F1-5BFF-4727-9921-0E99FF493AEB}"
	ProjectSection(SolutionItems) = preProject
		xunit.runner.json = xunit.runner.json
	EndProjectSection
EndProject
Project("{2150E333-8FDC-42A3-9474-1A3956D46DE8}") = "docs", "docs", "{4ED5DC3E-8A49-42D7-806B-C5ED507ECE24}"
	ProjectSection(SolutionItems) = preProject
		README.md = README.md
	EndProjectSection
EndProject
Project("{2150E333-8FDC-42A3-9474-1A3956D46DE8}") = "build", "build", "{A7EEC2E7-7422-485F-AF3F-9BEA6273F401}"
	ProjectSection(SolutionItems) = preProject
		azure-pipelines.yml = azure-pipelines.yml
		Directory.Build.props = Directory.Build.props
		Directory.Build.targets = Directory.Build.targets
	EndProjectSection
EndProject
Project("{2150E333-8FDC-42A3-9474-1A3956D46DE8}") = "Solution Items", "Solution Items", "{CC5553D2-F503-4155-BD83-46BBC9ACEC26}"
	ProjectSection(SolutionItems) = preProject
		.editorconfig = .editorconfig
		.gitignore = .gitignore
		global.json = global.json
	EndProjectSection
EndProject
Project("{2150E333-8FDC-42A3-9474-1A3956D46DE8}") = "dependabot", "dependabot", "{FE6BF0B0-4DCE-11EA-9656-89E21F3006C7}"
	ProjectSection(SolutionItems) = preProject
		.dependabot\config.yml = .dependabot\config.yml
	EndProjectSection
EndProject
Project("{2150E333-8FDC-42A3-9474-1A3956D46DE8}") = "src", "src", "{836FD012-2D72-405D-BE43-F531E64772E2}"
EndProject
Project("{FAE04EC0-301F-11D3-BF4B-00C04F79EFBC}") = "Unmango.Xml", "src\UnMango.Xml\Unmango.Xml.csproj", "{37FA25CB-DDE3-4E71-91E3-E6B1A6420074}"
EndProject
Project("{FAE04EC0-301F-11D3-BF4B-00C04F79EFBC}") = "Unmango.Xml.Test", "test\UnMango.Xml.Test\Unmango.Xml.Test.csproj", "{3E2E2328-EA82-4D75-917F-1F0EA4887C09}"
EndProject
Global
	GlobalSection(SolutionConfigurationPlatforms) = preSolution
		Debug|Any CPU = Debug|Any CPU
		Release|Any CPU = Release|Any CPU
	EndGlobalSection
	GlobalSection(ProjectConfigurationPlatforms) = postSolution
		{37FA25CB-DDE3-4E71-91E3-E6B1A6420074}.Debug|Any CPU.ActiveCfg = Debug|Any CPU
		{37FA25CB-DDE3-4E71-91E3-E6B1A6420074}.Debug|Any CPU.Build.0 = Debug|Any CPU
		{37FA25CB-DDE3-4E71-91E3-E6B1A6420074}.Release|Any CPU.ActiveCfg = Release|Any CPU
		{37FA25CB-DDE3-4E71-91E3-E6B1A6420074}.Release|Any CPU.Build.0 = Release|Any CPU
		{3E2E2328-EA82-4D75-917F-1F0EA4887C09}.Debug|Any CPU.ActiveCfg = Debug|Any CPU
		{3E2E2328-EA82-4D75-917F-1F0EA4887C09}.Debug|Any CPU.Build.0 = Debug|Any CPU
		{3E2E2328-EA82-4D75-917F-1F0EA4887C09}.Release|Any CPU.ActiveCfg = Release|Any CPU
		{3E2E2328-EA82-4D75-917F-1F0EA4887C09}.Release|Any CPU.Build.0 = Release|Any CPU
	EndGlobalSection
	GlobalSection(SolutionProperties) = preSolution
		HideSolutionNode = FALSE
	EndGlobalSection
	GlobalSection(ExtensibilityGlobals) = postSolution
		SolutionGuid = {8312C89B-381B-4CAA-BFD1-CA67E063217E}
	EndGlobalSection
	GlobalSection(NestedProjects) = preSolution
		{37FA25CB-DDE3-4E71-91E3-E6B1A6420074} = {836FD012-2D72-405D-BE43-F531E64772E2}
		{3E2E2328-EA82-4D75-917F-1F0EA4887C09} = {C3B0D6F1-5BFF-4727-9921-0E99FF493AEB}
	EndGlobalSection
EndGlobal
